{
  "version": 1,
  "dependencies": {
    "net8.0": {
      "Microsoft.AspNetCore.OpenApi": {
        "type": "Direct",
        "requested": "[8.0.2, )",
        "resolved": "8.0.2",
        "contentHash": "59xQBsH+2at3+rrLazCNbaLhS1gmMY2fT1rSxa116EQ2oCbdULerytaYtr0h5iew+BVwJZNsWgvU3fOpt74DCA==",
        "dependencies": {
          "Microsoft.OpenApi": "1.4.3"
        }
      },
      "Microsoft.VisualStudio.Azure.Containers.Tools.Targets": {
        "type": "Direct",
        "requested": "[1.19.6, )",
        "resolved": "1.19.6",
        "contentHash": "7GOQdMzQcH7o/bPFL/I2kQEgMnq2pYZ+exhGb9nNqs624K9w2jB2zieh4sOH9+a01i/G9iTWfeUI3IGMF7SKNg=="
      },
      "Swashbuckle.AspNetCore": {
        "type": "Direct",
        "requested": "[6.7.1, )",
        "resolved": "6.7.1",
        "contentHash": "vLyorZI4TXvKlzC6uEMI9zXBe98wEBEu43wjpUayhqccFggryX94e+2iUjLtQFFDdDyx4f5xtF3afhRmOfQOdg==",
        "dependencies": {
          "Microsoft.Extensions.ApiDescription.Server": "6.0.5",
          "Swashbuckle.AspNetCore.Swagger": "6.7.1",
          "Swashbuckle.AspNetCore.SwaggerGen": "6.7.1",
          "Swashbuckle.AspNetCore.SwaggerUI": "6.7.1"
        }
      },
      "Microsoft.Extensions.ApiDescription.Server": {
        "type": "Transitive",
        "resolved": "6.0.5",
        "contentHash": "Ckb5EDBUNJdFWyajfXzUIMRkhf52fHZOQuuZg/oiu8y7zDCVwD0iHhew6MnThjHmevanpxL3f5ci2TtHQEN6bw=="
      },
      "Microsoft.OpenApi": {
        "type": "Transitive",
        "resolved": "1.6.14",
        "contentHash": "tTaBT8qjk3xINfESyOPE2rIellPvB7qpVqiWiyA/lACVvz+xOGiXhFUfohcx82NLbi5avzLW0lx+s6oAqQijfw=="
      },
      "Swashbuckle.AspNetCore.Swagger": {
        "type": "Transitive",
        "resolved": "6.7.1",
        "contentHash": "+inGEUziCH4qoAOnWxLYX+4ZjBTAj+Y74acJ5akLcPgNzk/qGHwQvt6nZq8Bgb3XmhsxDNMCIACc7iMbuG/h9Q==",
        "dependencies": {
          "Microsoft.OpenApi": "1.6.14"
        }
      },
      "Swashbuckle.AspNetCore.SwaggerGen": {
        "type": "Transitive",
        "resolved": "6.7.1",
        "contentHash": "iMtGuSAtzpvnLaqiqvPy453XaweX6hkTTY0ZXUvpkRNk++7fOBAFXX3/39kJ4F79qoRAd5XX8MXXBd0oic7N5Q==",
        "dependencies": {
          "Swashbuckle.AspNetCore.Swagger": "6.7.1"
        }
      },
      "Swashbuckle.AspNetCore.SwaggerUI": {
        "type": "Transitive",
        "resolved": "6.7.1",
        "contentHash": "aJ/UfnrODbj/S3FDAnVQ7qz2txj7OcIXGu7ViXsi3bu3xMzhMcizVrH7T+utB2yWcPMBp0VMfc1nwRh77Ct1HQ=="
      }
    },
    "net8.0/linux-musl-x64": {},
    "net8.0/win-x64": {}
  }
}