{
  "version": 1,
  "dependencies": {
    "net8.0": {
      "Microsoft.AspNetCore.OpenApi": {
        "type": "Direct",
        "requested": "[8.0.2, )",
        "resolved": "8.0.2",
        "contentHash": "59xQBsH+2at3+rrLazCNbaLhS1gmMY2fT1rSxa116EQ2oCbdULerytaYtr0h5iew+BVwJZNsWgvU3fOpt74DCA==",
        "dependencies": {
          "Microsoft.OpenApi": "1.4.3"
        }
      },
      "Microsoft.VisualStudio.Azure.Containers.Tools.Targets": {
        "type": "Direct",
        "requested": "[1.19.6, )",
        "resolved": "1.19.6",
        "contentHash": "7GOQdMzQcH7o/bPFL/I2kQEgMnq2pYZ+exhGb9nNqs624K9w2jB2zieh4sOH9+a01i/G9iTWfeUI3IGMF7SKNg=="
      },
      "Swashbuckle.AspNetCore": {
        "type": "Direct",
        "requested": "[6.6.1, )",
        "resolved": "6.6.1",
        "contentHash": "4mEIj8bEM2ChCioX6Yx4KjcFZwQuTzWYvjyzeavk0DMhP7bzx787aDCQFyMK9JMAcOnhri0mfrxRItpD6j4dcQ==",
        "dependencies": {
          "Microsoft.Extensions.ApiDescription.Server": "6.0.5",
          "Swashbuckle.AspNetCore.Swagger": "6.6.1",
          "Swashbuckle.AspNetCore.SwaggerGen": "6.6.1",
          "Swashbuckle.AspNetCore.SwaggerUI": "6.6.1"
        }
      },
      "Microsoft.Extensions.ApiDescription.Server": {
        "type": "Transitive",
        "resolved": "6.0.5",
        "contentHash": "Ckb5EDBUNJdFWyajfXzUIMRkhf52fHZOQuuZg/oiu8y7zDCVwD0iHhew6MnThjHmevanpxL3f5ci2TtHQEN6bw=="
      },
      "Microsoft.OpenApi": {
        "type": "Transitive",
        "resolved": "1.6.14",
        "contentHash": "tTaBT8qjk3xINfESyOPE2rIellPvB7qpVqiWiyA/lACVvz+xOGiXhFUfohcx82NLbi5avzLW0lx+s6oAqQijfw=="
      },
      "Swashbuckle.AspNetCore.Swagger": {
        "type": "Transitive",
        "resolved": "6.6.1",
        "contentHash": "99WcGbaHfLu26sPfWVqJvxXTmQaLE2qdCfceGwT0397X2kcuyD/nuegN2cLw6pQverijXks5LbV8vcA0xi0sSg==",
        "dependencies": {
          "Microsoft.OpenApi": "1.6.14"
        }
      },
      "Swashbuckle.AspNetCore.SwaggerGen": {
        "type": "Transitive",
        "resolved": "6.6.1",
        "contentHash": "Bw+cAg6EGSsbnT7aV13QXgd5pabDYH/GLNhlzB4Dq64IPEHaX2T51mVZ6yf8/aNHlS7vi31PH6qlWbfhaWqiqw==",
        "dependencies": {
          "Swashbuckle.AspNetCore.Swagger": "6.6.1"
        }
      },
      "Swashbuckle.AspNetCore.SwaggerUI": {
        "type": "Transitive",
        "resolved": "6.6.1",
        "contentHash": "a+nN88DS6OuzaPqwFox8nvEuvsrJFXW4NgzeRBUdGqLbUb1yTcIkuzUS3gbzPXC8HQ+NmbydeMRFudnNX2NKag=="
      }
    },
    "net8.0/linux-musl-x64": {},
    "net8.0/win-x64": {}
  }
}