{
  "version": 1,
  "dependencies": {
    "net8.0": {
      "Microsoft.AspNetCore.OpenApi": {
        "type": "Direct",
        "requested": "[8.0.2, )",
        "resolved": "8.0.2",
        "contentHash": "59xQBsH+2at3+rrLazCNbaLhS1gmMY2fT1rSxa116EQ2oCbdULerytaYtr0h5iew+BVwJZNsWgvU3fOpt74DCA==",
        "dependencies": {
          "Microsoft.OpenApi": "1.4.3"
        }
      },
      "Microsoft.VisualStudio.Azure.Containers.Tools.Targets": {
        "type": "Direct",
        "requested": "[1.19.6, )",
        "resolved": "1.19.6",
        "contentHash": "7GOQdMzQcH7o/bPFL/I2kQEgMnq2pYZ+exhGb9nNqs624K9w2jB2zieh4sOH9+a01i/G9iTWfeUI3IGMF7SKNg=="
      },
      "Swashbuckle.AspNetCore": {
        "type": "Direct",
        "requested": "[7.3.0, )",
        "resolved": "7.3.0",
        "contentHash": "xRNYUPor/x/qvtFYF1qeZa9FrQixOOfLDgG+J4FRMWPqXmWjttMNglrjG9ATIUzY27LT/6JHqWFFDvDYw1f2gg==",
        "dependencies": {
          "Microsoft.Extensions.ApiDescription.Server": "6.0.5",
          "Swashbuckle.AspNetCore.Swagger": "7.3.0",
          "Swashbuckle.AspNetCore.SwaggerGen": "7.3.0",
          "Swashbuckle.AspNetCore.SwaggerUI": "7.3.0"
        }
      },
      "Microsoft.Extensions.ApiDescription.Server": {
        "type": "Transitive",
        "resolved": "6.0.5",
        "contentHash": "Ckb5EDBUNJdFWyajfXzUIMRkhf52fHZOQuuZg/oiu8y7zDCVwD0iHhew6MnThjHmevanpxL3f5ci2TtHQEN6bw=="
      },
      "Microsoft.OpenApi": {
        "type": "Transitive",
        "resolved": "1.6.22",
        "contentHash": "aBvunmrdu/x+4CaA/UP1Jx4xWGwk4kymhoIRnn2Vp+zi5/KOPQJ9EkSXHRUr01WcGKtYl3Au7XfkPJbU1G2sjQ=="
      },
      "Swashbuckle.AspNetCore.Swagger": {
        "type": "Transitive",
        "resolved": "7.3.0",
        "contentHash": "YaNmzUkjlc+KuGBDFa21captWqF8OJliXzTXweLpG88DOKvsQ9Dsadlq/1ZE8aMhT4mQIlc565/ZfvkNckXapw==",
        "dependencies": {
          "Microsoft.OpenApi": "1.6.22"
        }
      },
      "Swashbuckle.AspNetCore.SwaggerGen": {
        "type": "Transitive",
        "resolved": "7.3.0",
        "contentHash": "RFsv4+vnA8CFF73vJeQqDT3aEybt4Tw7+9Z6H+NQ18pVJD5h4HeTDJeEPBhT+JZikBEA+GM5mvPQ+llBe3ZKog==",
        "dependencies": {
          "Swashbuckle.AspNetCore.Swagger": "7.3.0"
        }
      },
      "Swashbuckle.AspNetCore.SwaggerUI": {
        "type": "Transitive",
        "resolved": "7.3.0",
        "contentHash": "CiWrMnLZMjnXSNoY1BSa5HWcbv6ibe4YnMq8HPhwSiTf44eiyNZlIpK4Y5Vvdv9MI7qmwC2q53a3R4JqNKTocg=="
      }
    },
    "net8.0/linux-musl-x64": {},
    "net8.0/win-x64": {}
  }
}